// !$*UTF8*$!
{
	archiveVersion = 1;
	classes = {
	};
	objectVersion = 77;
	objects = {

/* Begin PBXBuildFile section */
		05C4E8C038C781B94B34F027 /* Engine.xcframework in Frameworks */ = {isa = PBXBuildFile; fileRef = 1461C1208D592CF700F3EECF /* Engine.xcframework */; };
		10465696C2FC3B076020CC66 /* EngineManager.swift in Sources */ = {isa = PBXBuildFile; fileRef = 804A4A4C8699B537177457FF /* EngineManager.swift */; };
		25D0A5AFB129F386867A6D38 /* PrivacyInfo.xcprivacy in Resources */ = {isa = PBXBuildFile; fileRef = 3CC0EA103F96B46B1D258535 /* PrivacyInfo.xcprivacy */; };
		429D691D67CCA801A4A096D2 /* HealthKitManager.swift in Sources */ = {isa = PBXBuildFile; fileRef = B6CF4E552BE0F7DF38FA951A /* HealthKitManager.swift */; };
		4D9D5A9BE3C2E7559FFE85D7 /* HealthKitSyncService.swift in Sources */ = {isa = PBXBuildFile; fileRef = 91BEC9FE3D67CDEBBB4AF566 /* HealthKitSyncService.swift */; };
		4DEFF8B2C4F74AD73892F2A7 /* WebViewController.swift in Sources */ = {isa = PBXBuildFile; fileRef = BE91AC08962277F49FC64BE3 /* WebViewController.swift */; };
		4F1B5E33645404DBDBDA512F /* AppDelegate.swift in Sources */ = {isa = PBXBuildFile; fileRef = BFF8F8B0CDC420E7B83A2338 /* AppDelegate.swift */; };
		7048C643C0D9076A1BF062D0 /* LaunchScreen.storyboard in Resources */ = {isa = PBXBuildFile; fileRef = EB940A0631D874FE5C3817EB /* LaunchScreen.storyboard */; };
		C676EE5D6EA524EDFC2C4416 /* SceneDelegate.swift in Sources */ = {isa = PBXBuildFile; fileRef = 146D007408CED427A29F1D1F /* SceneDelegate.swift */; };
		DEEDE3B023C128A2CF23C176 /* Assets.xcassets in Resources */ = {isa = PBXBuildFile; fileRef = 3C0B4F2E6B8419E8F6CEFBB0 /* Assets.xcassets */; };
		FFB9955265584D502D43D683 /* HealthKit.framework in Frameworks */ = {isa = PBXBuildFile; fileRef = 263DD11ACC6221B7DD8B4F7B /* HealthKit.framework */; };
/* End PBXBuildFile section */

/* Begin PBXFileReference section */
		1461C1208D592CF700F3EECF /* Engine.xcframework */ = {isa = PBXFileReference; lastKnownFileType = wrapper.xcframework; path = Engine.xcframework; sourceTree = "<group>"; };
		146D007408CED427A29F1D1F /* SceneDelegate.swift */ = {isa = PBXFileReference; lastKnownFileType = sourcecode.swift; path = SceneDelegate.swift; sourceTree = "<group>"; };
		1FAA5476179E49EAE8605C50 /* OpenMenses.app */ = {isa = PBXFileReference; includeInIndex = 0; lastKnownFileType = wrapper.application; path = OpenMenses.app; sourceTree = BUILT_PRODUCTS_DIR; };
		1FB8831DA805091766FB4E07 /* OpenMenses.entitlements */ = {isa = PBXFileReference; lastKnownFileType = text.plist.entitlements; path = OpenMenses.entitlements; sourceTree = "<group>"; };
		263DD11ACC6221B7DD8B4F7B /* HealthKit.framework */ = {isa = PBXFileReference; lastKnownFileType = wrapper.framework; name = HealthKit.framework; path = System/Library/Frameworks/HealthKit.framework; sourceTree = SDKROOT; };
		3C0B4F2E6B8419E8F6CEFBB0 /* Assets.xcassets */ = {isa = PBXFileReference; lastKnownFileType = folder.assetcatalog; path = Assets.xcassets; sourceTree = "<group>"; };
		3CC0EA103F96B46B1D258535 /* PrivacyInfo.xcprivacy */ = {isa = PBXFileReference; path = PrivacyInfo.xcprivacy; sourceTree = "<group>"; };
		5FD54A47AF2F189DA74A7A5F /* Info.plist */ = {isa = PBXFileReference; lastKnownFileType = text.plist; path = Info.plist; sourceTree = "<group>"; };
		804A4A4C8699B537177457FF /* EngineManager.swift */ = {isa = PBXFileReference; lastKnownFileType = sourcecode.swift; path = EngineManager.swift; sourceTree = "<group>"; };
		91BEC9FE3D67CDEBBB4AF566 /* HealthKitSyncService.swift */ = {isa = PBXFileReference; lastKnownFileType = sourcecode.swift; path = HealthKitSyncService.swift; sourceTree = "<group>"; };
		B6CF4E552BE0F7DF38FA951A /* HealthKitManager.swift */ = {isa = PBXFileReference; lastKnownFileType = sourcecode.swift; path = HealthKitManager.swift; sourceTree = "<group>"; };
		BE91AC08962277F49FC64BE3 /* WebViewController.swift */ = {isa = PBXFileReference; lastKnownFileType = sourcecode.swift; path = WebViewController.swift; sourceTree = "<group>"; };
		BFF8F8B0CDC420E7B83A2338 /* AppDelegate.swift */ = {isa = PBXFileReference; lastKnownFileType = sourcecode.swift; path = AppDelegate.swift; sourceTree = "<group>"; };
		EB940A0631D874FE5C3817EB /* LaunchScreen.storyboard */ = {isa = PBXFileReference; lastKnownFileType = file.storyboard; path = LaunchScreen.storyboard; sourceTree = "<group>"; };
/* End PBXFileReference section */

/* Begin PBXFrameworksBuildPhase section */
		BD0F217065329FCFC124B065 /* Frameworks */ = {
			isa = PBXFrameworksBuildPhase;
			buildActionMask = 2147483647;
			files = (
				05C4E8C038C781B94B34F027 /* Engine.xcframework in Frameworks */,
				FFB9955265584D502D43D683 /* HealthKit.framework in Frameworks */,
			);
			runOnlyForDeploymentPostprocessing = 0;
		};
/* End PBXFrameworksBuildPhase section */

/* Begin PBXGroup section */
		4C690E523E2FC1DCE8ECC9B4 /* OpenMenses */ = {
			isa = PBXGroup;
			children = (
				BFF8F8B0CDC420E7B83A2338 /* AppDelegate.swift */,
				3C0B4F2E6B8419E8F6CEFBB0 /* Assets.xcassets */,
				804A4A4C8699B537177457FF /* EngineManager.swift */,
				B6CF4E552BE0F7DF38FA951A /* HealthKitManager.swift */,
				91BEC9FE3D67CDEBBB4AF566 /* HealthKitSyncService.swift */,
				5FD54A47AF2F189DA74A7A5F /* Info.plist */,
				EB940A0631D874FE5C3817EB /* LaunchScreen.storyboard */,
				1FB8831DA805091766FB4E07 /* OpenMenses.entitlements */,
				3CC0EA103F96B46B1D258535 /* PrivacyInfo.xcprivacy */,
				146D007408CED427A29F1D1F /* SceneDelegate.swift */,
				BE91AC08962277F49FC64BE3 /* WebViewController.swift */,
			);
			path = OpenMenses;
			sourceTree = "<group>";
		};
		BD20F858EF4D370E6ADD9663 /* Products */ = {
			isa = PBXGroup;
			children = (
				1FAA5476179E49EAE8605C50 /* OpenMenses.app */,
			);
			name = Products;
			sourceTree = "<group>";
		};
		D70CB59833EB6D33410D45C1 /* Frameworks */ = {
			isa = PBXGroup;
			children = (
				1461C1208D592CF700F3EECF /* Engine.xcframework */,
				263DD11ACC6221B7DD8B4F7B /* HealthKit.framework */,
			);
			name = Frameworks;
			sourceTree = "<group>";
		};
		E3EF413B4B2F6C75EB1ED011 = {
			isa = PBXGroup;
			children = (
				4C690E523E2FC1DCE8ECC9B4 /* OpenMenses */,
				D70CB59833EB6D33410D45C1 /* Frameworks */,
				BD20F858EF4D370E6ADD9663 /* Products */,
			);
			sourceTree = "<group>";
		};
/* End PBXGroup section */

/* Begin PBXNativeTarget section */
		8801ACF20703F6FDCE81D425 /* OpenMenses */ = {
			isa = PBXNativeTarget;
			buildConfigurationList = E29D22FAFC2CAB04F54EBDDF /* Build configuration list for PBXNativeTarget "OpenMenses" */;
			buildPhases = (
				73B584731A4B890F18D8F086 /* Build Engine Framework */,
				3BE4276816AD25609D9AB868 /* Sources */,
				19384A3EB2BC64703D92D64E /* Resources */,
				BD0F217065329FCFC124B065 /* Frameworks */,
				DED6968569FC8FDFF369D8B8 /* Copy UI Assets */,
			);
			buildRules = (
			);
			dependencies = (
			);
			name = OpenMenses;
			packageProductDependencies = (
			);
			productName = OpenMenses;
			productReference = 1FAA5476179E49EAE8605C50 /* OpenMenses.app */;
			productType = "com.apple.product-type.application";
		};
/* End PBXNativeTarget section */

/* Begin PBXProject section */
		07F8D99B5CAC3EF7BE6F8FED /* Project object */ = {
			isa = PBXProject;
			attributes = {
				BuildIndependentTargetsInParallel = YES;
				LastUpgradeCheck = 1600;
				TargetAttributes = {
					8801ACF20703F6FDCE81D425 = {
						DevelopmentTeam = 79AKRQK9LV;
						ProvisioningStyle = Automatic;
					};
				};
			};
			buildConfigurationList = 6FEA8F8EEC29D0C9B4D2FD69 /* Build configuration list for PBXProject "OpenMenses" */;
			developmentRegion = en;
			hasScannedForEncodings = 0;
			knownRegions = (
				Base,
				en,
			);
			mainGroup = E3EF413B4B2F6C75EB1ED011;
			minimizedProjectReferenceProxies = 1;
			preferredProjectObjectVersion = 77;
			productRefGroup = BD20F858EF4D370E6ADD9663 /* Products */;
			projectDirPath = "";
			projectRoot = "";
			targets = (
				8801ACF20703F6FDCE81D425 /* OpenMenses */,
			);
		};
/* End PBXProject section */

/* Begin PBXResourcesBuildPhase section */
		19384A3EB2BC64703D92D64E /* Resources */ = {
			isa = PBXResourcesBuildPhase;
			buildActionMask = 2147483647;
			files = (
				DEEDE3B023C128A2CF23C176 /* Assets.xcassets in Resources */,
				7048C643C0D9076A1BF062D0 /* LaunchScreen.storyboard in Resources */,
				25D0A5AFB129F386867A6D38 /* PrivacyInfo.xcprivacy in Resources */,
			);
			runOnlyForDeploymentPostprocessing = 0;
		};
/* End PBXResourcesBuildPhase section */

/* Begin PBXShellScriptBuildPhase section */
		73B584731A4B890F18D8F086 /* Build Engine Framework */ = {
			isa = PBXShellScriptBuildPhase;
			alwaysOutOfDate = 1;
			buildActionMask = 2147483647;
			files = (
			);
			inputFileListPaths = (
			);
			inputPaths = (
			);
			name = "Build Engine Framework";
			outputFileListPaths = (
			);
			outputPaths = (
			);
			runOnlyForDeploymentPostprocessing = 0;
			shellPath = /bin/sh;
			shellScript = "REPO_ROOT=\"${SRCROOT}/../..\"\nFRAMEWORK=\"${SRCROOT}/Engine.xcframework\"\n\n# Xcode's shell has a minimal PATH — add Homebrew paths first so `go`\n# is available, then resolve GOPATH to find gomobile.\nexport PATH=\"/opt/homebrew/bin:/usr/local/bin:/Users/aaron/Library/Application Support/Code/User/globalStorage/github.copilot-chat/debugCommand:/Users/aaron/Library/Application Support/Code/User/globalStorage/github.copilot-chat/copilotCli:/opt/homebrew/bin:/opt/homebrew/sbin:/usr/local/bin:/System/Cryptexes/App/usr/bin:/usr/bin:/bin:/usr/sbin:/sbin:/var/run/com.apple.security.cryptexd/codex.system/bootstrap/usr/local/bin:/var/run/com.apple.security.cryptexd/codex.system/bootstrap/usr/bin:/var/run/com.apple.security.cryptexd/codex.system/bootstrap/usr/appleinternal/bin:/opt/pmk/env/global/bin:/Library/Apple/usr/bin:/Users/aaron/Library/Application Support/Code/User/globalStorage/github.copilot-chat/debugCommand:/Users/aaron/Library/Application Support/Code/User/globalStorage/github.copilot-chat/copilotCli:/Users/aaron/Library/Application Support/JetBrains/Toolbox/scripts:/Users/aaron/.vscode/extensions/ms-python.debugpy-2025.18.0-darwin-arm64/bundled/scripts/noConfigScripts:/Users/aaron/Library/Application Support/JetBrains/Toolbox/scripts\"\nif command -v go &>/dev/null; then\n  export PATH=\"$(go env GOPATH)/bin:/Users/aaron/Library/Application Support/Code/User/globalStorage/github.copilot-chat/debugCommand:/Users/aaron/Library/Application Support/Code/User/globalStorage/github.copilot-chat/copilotCli:/opt/homebrew/bin:/opt/homebrew/sbin:/usr/local/bin:/System/Cryptexes/App/usr/bin:/usr/bin:/bin:/usr/sbin:/sbin:/var/run/com.apple.security.cryptexd/codex.system/bootstrap/usr/local/bin:/var/run/com.apple.security.cryptexd/codex.system/bootstrap/usr/bin:/var/run/com.apple.security.cryptexd/codex.system/bootstrap/usr/appleinternal/bin:/opt/pmk/env/global/bin:/Library/Apple/usr/bin:/Users/aaron/Library/Application Support/Code/User/globalStorage/github.copilot-chat/debugCommand:/Users/aaron/Library/Application Support/Code/User/globalStorage/github.copilot-chat/copilotCli:/Users/aaron/Library/Application Support/JetBrains/Toolbox/scripts:/Users/aaron/.vscode/extensions/ms-python.debugpy-2025.18.0-darwin-arm64/bundled/scripts/noConfigScripts:/Users/aaron/Library/Application Support/JetBrains/Toolbox/scripts\"\nfi\n\n# Verify gomobile is available.\nif ! command -v gomobile &>/dev/null; then\n  echo \"error: gomobile not found. Run 'make mobile-setup' from the repo root first.\"\n  exit 1\nfi\n\n# If the framework doesn't exist at all, build it unconditionally.\nif [ ! -d \"${FRAMEWORK}\" ]; then\n  echo \"note: Engine.xcframework not found — building...\"\n  make -C \"${REPO_ROOT}\" mobile-ios\n  exit $?\nfi\n\n# Staleness check: rebuild only if any Go source file under engine/\n# is newer than the framework's Info.plist (build marker).\nMARKER=\"${FRAMEWORK}/Info.plist\"\nSTALE=$(find \"${REPO_ROOT}/engine\" -name '*.go' -newer \"${MARKER}\" -print -quit)\nif [ -n \"${STALE}\" ]; then\n  echo \"note: Engine source changed — rebuilding Engine.xcframework...\"\n  make -C \"${REPO_ROOT}\" mobile-ios\nelse\n  echo \"note: Engine.xcframework is up to date.\"\nfi\n";
		};
		DED6968569FC8FDFF369D8B8 /* Copy UI Assets */ = {
			isa = PBXShellScriptBuildPhase;
			alwaysOutOfDate = 1;
			buildActionMask = 2147483647;
			files = (
			);
			inputFileListPaths = (
			);
			inputPaths = (
			);
			name = "Copy UI Assets";
			outputFileListPaths = (
			);
			outputPaths = (
			);
			runOnlyForDeploymentPostprocessing = 0;
			shellPath = /bin/sh;
			shellScript = "REPO_ROOT=\"${SRCROOT}/../..\"\nUI_DIST=\"${REPO_ROOT}/ui/dist\"\nUI_DEST=\"${TARGET_BUILD_DIR}/${UNLOCALIZED_RESOURCES_FOLDER_PATH}/ui\"\n\n# Extend PATH so npm/node installed via Homebrew (Apple Silicon and Intel) are found.\nexport PATH=\"/opt/homebrew/bin:/usr/local/bin:/Users/aaron/Library/Application Support/Code/User/globalStorage/github.copilot-chat/debugCommand:/Users/aaron/Library/Application Support/Code/User/globalStorage/github.copilot-chat/copilotCli:/opt/homebrew/bin:/opt/homebrew/sbin:/usr/local/bin:/System/Cryptexes/App/usr/bin:/usr/bin:/bin:/usr/sbin:/sbin:/var/run/com.apple.security.cryptexd/codex.system/bootstrap/usr/local/bin:/var/run/com.apple.security.cryptexd/codex.system/bootstrap/usr/bin:/var/run/com.apple.security.cryptexd/codex.system/bootstrap/usr/appleinternal/bin:/opt/pmk/env/global/bin:/Library/Apple/usr/bin:/Users/aaron/Library/Application Support/Code/User/globalStorage/github.copilot-chat/debugCommand:/Users/aaron/Library/Application Support/Code/User/globalStorage/github.copilot-chat/copilotCli:/Users/aaron/Library/Application Support/JetBrains/Toolbox/scripts:/Users/aaron/.vscode/extensions/ms-python.debugpy-2025.18.0-darwin-arm64/bundled/scripts/noConfigScripts:/Users/aaron/Library/Application Support/JetBrains/Toolbox/scripts\"\n\n# Always rebuild the UI bundle so local Xcode builds pick up the latest\n# source changes. (In Xcode Cloud, ci_post_clone.sh pre-builds ui/dist\n# on a fresh clone, so this is fast there too.)\necho \"note: running make ui-bundle...\"\nmake -C \"${REPO_ROOT}\" ui-bundle\n\nif [ -d \"${UI_DIST}\" ]; then\n  rm -rf \"${UI_DEST}\"\n  mkdir -p \"${UI_DEST}\"\n  cp -R \"${UI_DIST}/.\" \"${UI_DEST}/\"\n  echo \"note: Copied UI assets from ${UI_DIST}\"\nelse\n  echo \"error: UI assets not found at ${UI_DIST}. Run 'make ui-bundle' from the repo root and rebuild.\"\n  exit 1\nfi\n";
		};
/* End PBXShellScriptBuildPhase section */

/* Begin PBXSourcesBuildPhase section */
		3BE4276816AD25609D9AB868 /* Sources */ = {
			isa = PBXSourcesBuildPhase;
			buildActionMask = 2147483647;
			files = (
				4F1B5E33645404DBDBDA512F /* AppDelegate.swift in Sources */,
				10465696C2FC3B076020CC66 /* EngineManager.swift in Sources */,
				429D691D67CCA801A4A096D2 /* HealthKitManager.swift in Sources */,
				4D9D5A9BE3C2E7559FFE85D7 /* HealthKitSyncService.swift in Sources */,
				C676EE5D6EA524EDFC2C4416 /* SceneDelegate.swift in Sources */,
				4DEFF8B2C4F74AD73892F2A7 /* WebViewController.swift in Sources */,
			);
			runOnlyForDeploymentPostprocessing = 0;
		};
/* End PBXSourcesBuildPhase section */

/* Begin XCBuildConfiguration section */
		0BAD0F16213FA1D0EEF0BE71 /* Debug */ = {
			isa = XCBuildConfiguration;
			buildSettings = {
				ALWAYS_SEARCH_USER_PATHS = NO;
				CLANG_ANALYZER_NONNULL = YES;
				CLANG_ANALYZER_NUMBER_OBJECT_CONVERSION = YES_AGGRESSIVE;
				CLANG_CXX_LANGUAGE_STANDARD = "gnu++14";
				CLANG_CXX_LIBRARY = "libc++";
				CLANG_ENABLE_MODULES = YES;
				CLANG_ENABLE_OBJC_ARC = YES;
				CLANG_ENABLE_OBJC_WEAK = YES;
				CLANG_WARN_BLOCK_CAPTURE_AUTORELEASING = YES;
				CLANG_WARN_BOOL_CONVERSION = YES;
				CLANG_WARN_COMMA = YES;
				CLANG_WARN_CONSTANT_CONVERSION = YES;
				CLANG_WARN_DEPRECATED_OBJC_IMPLEMENTATIONS = YES;
				CLANG_WARN_DIRECT_OBJC_ISA_USAGE = YES_ERROR;
				CLANG_WARN_DOCUMENTATION_COMMENTS = YES;
				CLANG_WARN_EMPTY_BODY = YES;
				CLANG_WARN_ENUM_CONVERSION = YES;
				CLANG_WARN_INFINITE_RECURSION = YES;
				CLANG_WARN_INT_CONVERSION = YES;
				CLANG_WARN_NON_LITERAL_NULL_CONVERSION = YES;
				CLANG_WARN_OBJC_IMPLICIT_RETAIN_SELF = YES;
				CLANG_WARN_OBJC_LITERAL_CONVERSION = YES;
				CLANG_WARN_OBJC_ROOT_CLASS = YES_ERROR;
				CLANG_WARN_QUOTED_INCLUDE_IN_FRAMEWORK_HEADER = YES;
				CLANG_WARN_RANGE_LOOP_ANALYSIS = YES;
				CLANG_WARN_STRICT_PROTOTYPES = YES;
				CLANG_WARN_SUSPICIOUS_MOVE = YES;
				CLANG_WARN_UNGUARDED_AVAILABILITY = YES_AGGRESSIVE;
				CLANG_WARN_UNREACHABLE_CODE = YES;
				CLANG_WARN__DUPLICATE_METHOD_MATCH = YES;
				COPY_PHASE_STRIP = NO;
				DEBUG_INFORMATION_FORMAT = dwarf;
				ENABLE_STRICT_OBJC_MSGSEND = YES;
				ENABLE_TESTABILITY = YES;
				GCC_C_LANGUAGE_STANDARD = gnu11;
				GCC_DYNAMIC_NO_PIC = NO;
				GCC_NO_COMMON_BLOCKS = YES;
				GCC_OPTIMIZATION_LEVEL = 0;
				GCC_PREPROCESSOR_DEFINITIONS = (
					"$(inherited)",
					"DEBUG=1",
				);
				GCC_WARN_64_TO_32_BIT_CONVERSION = YES;
				GCC_WARN_ABOUT_RETURN_TYPE = YES_ERROR;
				GCC_WARN_UNDECLARED_SELECTOR = YES;
				GCC_WARN_UNINITIALIZED_AUTOS = YES_AGGRESSIVE;
				GCC_WARN_UNUSED_FUNCTION = YES;
				GCC_WARN_UNUSED_VARIABLE = YES;
				IPHONEOS_DEPLOYMENT_TARGET = 16.0;
				MTL_ENABLE_DEBUG_INFO = INCLUDE_SOURCE;
				MTL_FAST_MATH = YES;
				ONLY_ACTIVE_ARCH = YES;
				PRODUCT_NAME = "$(TARGET_NAME)";
				SDKROOT = iphoneos;
				SWIFT_ACTIVE_COMPILATION_CONDITIONS = DEBUG;
				SWIFT_OPTIMIZATION_LEVEL = "-Onone";
				SWIFT_VERSION = 5.0;
			};
			name = Debug;
		};
		8B95C1CBCFD36191390A437F /* Release */ = {
			isa = XCBuildConfiguration;
			buildSettings = {
				ALWAYS_SEARCH_USER_PATHS = NO;
				CLANG_ANALYZER_NONNULL = YES;
				CLANG_ANALYZER_NUMBER_OBJECT_CONVERSION = YES_AGGRESSIVE;
				CLANG_CXX_LANGUAGE_STANDARD = "gnu++14";
				CLANG_CXX_LIBRARY = "libc++";
				CLANG_ENABLE_MODULES = YES;
				CLANG_ENABLE_OBJC_ARC = YES;
				CLANG_ENABLE_OBJC_WEAK = YES;
				CLANG_WARN_BLOCK_CAPTURE_AUTORELEASING = YES;
				CLANG_WARN_BOOL_CONVERSION = YES;
				CLANG_WARN_COMMA = YES;
				CLANG_WARN_CONSTANT_CONVERSION = YES;
				CLANG_WARN_DEPRECATED_OBJC_IMPLEMENTATIONS = YES;
				CLANG_WARN_DIRECT_OBJC_ISA_USAGE = YES_ERROR;
				CLANG_WARN_DOCUMENTATION_COMMENTS = YES;
				CLANG_WARN_EMPTY_BODY = YES;
				CLANG_WARN_ENUM_CONVERSION = YES;
				CLANG_WARN_INFINITE_RECURSION = YES;
				CLANG_WARN_INT_CONVERSION = YES;
				CLANG_WARN_NON_LITERAL_NULL_CONVERSION = YES;
				CLANG_WARN_OBJC_IMPLICIT_RETAIN_SELF = YES;
				CLANG_WARN_OBJC_LITERAL_CONVERSION = YES;
				CLANG_WARN_OBJC_ROOT_CLASS = YES_ERROR;
				CLANG_WARN_QUOTED_INCLUDE_IN_FRAMEWORK_HEADER = YES;
				CLANG_WARN_RANGE_LOOP_ANALYSIS = YES;
				CLANG_WARN_STRICT_PROTOTYPES = YES;
				CLANG_WARN_SUSPICIOUS_MOVE = YES;
				CLANG_WARN_UNGUARDED_AVAILABILITY = YES_AGGRESSIVE;
				CLANG_WARN_UNREACHABLE_CODE = YES;
				CLANG_WARN__DUPLICATE_METHOD_MATCH = YES;
				COPY_PHASE_STRIP = NO;
				DEBUG_INFORMATION_FORMAT = "dwarf-with-dsym";
				ENABLE_NS_ASSERTIONS = NO;
				ENABLE_STRICT_OBJC_MSGSEND = YES;
				GCC_C_LANGUAGE_STANDARD = gnu11;
				GCC_NO_COMMON_BLOCKS = YES;
				GCC_WARN_64_TO_32_BIT_CONVERSION = YES;
				GCC_WARN_ABOUT_RETURN_TYPE = YES_ERROR;
				GCC_WARN_UNDECLARED_SELECTOR = YES;
				GCC_WARN_UNINITIALIZED_AUTOS = YES_AGGRESSIVE;
				GCC_WARN_UNUSED_FUNCTION = YES;
				GCC_WARN_UNUSED_VARIABLE = YES;
				IPHONEOS_DEPLOYMENT_TARGET = 16.0;
				MTL_ENABLE_DEBUG_INFO = NO;
				MTL_FAST_MATH = YES;
				PRODUCT_NAME = "$(TARGET_NAME)";
				SDKROOT = iphoneos;
				SWIFT_COMPILATION_MODE = wholemodule;
				SWIFT_OPTIMIZATION_LEVEL = "-O";
				SWIFT_VERSION = 5.0;
			};
			name = Release;
		};
		A3576DF51A6D68BDC9582ADD /* Debug */ = {
			isa = XCBuildConfiguration;
			buildSettings = {
				ASSETCATALOG_COMPILER_APPICON_NAME = AppIcon;
				CODE_SIGN_ENTITLEMENTS = OpenMenses/OpenMenses.entitlements;
				CODE_SIGN_IDENTITY = "iPhone Developer";
				CODE_SIGN_STYLE = Automatic;
				CURRENT_PROJECT_VERSION = 15;
				DEVELOPMENT_TEAM = 79AKRQK9LV;
				ENABLE_HARDENED_RUNTIME = YES;
				ENABLE_USER_SCRIPT_SANDBOXING = NO;
				FRAMEWORK_SEARCH_PATHS = (
					"$(inherited)",
					"\".\"",
				);
				GENERATE_INFOPLIST_FILE = NO;
				INFOPLIST_FILE = OpenMenses/Info.plist;
				INFOPLIST_KEY_LSApplicationCategoryType = "public.app-category.health-and-fitness";
				IPHONEOS_DEPLOYMENT_TARGET = 16.0;
				LD_RUNPATH_SEARCH_PATHS = (
					"$(inherited)",
					"@executable_path/Frameworks",
				);
				MARKETING_VERSION = 1.8;
				PRODUCT_BUNDLE_IDENTIFIER = com.2ajoyce.openmenses;
				SDKROOT = iphoneos;
				SWIFT_VERSION = 5.0;
				TARGETED_DEVICE_FAMILY = "1,2";
			};
			name = Debug;
		};
		AC7D11BF11B5B44E95CFB851 /* Release */ = {
			isa = XCBuildConfiguration;
			buildSettings = {
				ASSETCATALOG_COMPILER_APPICON_NAME = AppIcon;
				CODE_SIGN_ENTITLEMENTS = OpenMenses/OpenMenses.entitlements;
				CODE_SIGN_IDENTITY = "iPhone Developer";
				CODE_SIGN_STYLE = Automatic;
				CURRENT_PROJECT_VERSION = 15;
				DEVELOPMENT_TEAM = 79AKRQK9LV;
				ENABLE_HARDENED_RUNTIME = YES;
				ENABLE_USER_SCRIPT_SANDBOXING = NO;
				FRAMEWORK_SEARCH_PATHS = (
					"$(inherited)",
					"\".\"",
				);
				GENERATE_INFOPLIST_FILE = NO;
				INFOPLIST_FILE = OpenMenses/Info.plist;
				INFOPLIST_KEY_LSApplicationCategoryType = "public.app-category.health-and-fitness";
				IPHONEOS_DEPLOYMENT_TARGET = 16.0;
				LD_RUNPATH_SEARCH_PATHS = (
					"$(inherited)",
					"@executable_path/Frameworks",
				);
				MARKETING_VERSION = 1.8;
				PRODUCT_BUNDLE_IDENTIFIER = com.2ajoyce.openmenses;
				SDKROOT = iphoneos;
				SWIFT_VERSION = 5.0;
				TARGETED_DEVICE_FAMILY = "1,2";
			};
			name = Release;
		};
/* End XCBuildConfiguration section */

/* Begin XCConfigurationList section */
		6FEA8F8EEC29D0C9B4D2FD69 /* Build configuration list for PBXProject "OpenMenses" */ = {
			isa = XCConfigurationList;
			buildConfigurations = (
				0BAD0F16213FA1D0EEF0BE71 /* Debug */,
				8B95C1CBCFD36191390A437F /* Release */,
			);
			defaultConfigurationIsVisible = 0;
			defaultConfigurationName = Debug;
		};
		E29D22FAFC2CAB04F54EBDDF /* Build configuration list for PBXNativeTarget "OpenMenses" */ = {
			isa = XCConfigurationList;
			buildConfigurations = (
				A3576DF51A6D68BDC9582ADD /* Debug */,
				AC7D11BF11B5B44E95CFB851 /* Release */,
			);
			defaultConfigurationIsVisible = 0;
			defaultConfigurationName = Debug;
		};
/* End XCConfigurationList section */
	};
	rootObject = 07F8D99B5CAC3EF7BE6F8FED /* Project object */;
}
